
Microsoft Visual Studio Solution File, Format Version 12.00
# Visual Studio Version 17
VisualStudioVersion = 17.11.35312.102
MinimumVisualStudioVersion = 10.0.40219.1
Project("{2150E333-8FDC-42A3-9474-1A3956D46DE8}") = "Task1", "Task1", "{8344C244-7B7E-420A-B76E-11FDC63CB204}"
EndProject
Project("{9A19103F-16F7-4668-BE54-9A1E7A4F7556}") = "Tyuiu.KhudoiberdievDB.Sprint0.Task1.V0", "Tyuiu.KhudoiberdievDB.Sprint0.Task1.V0\Tyuiu.KhudoiberdievDB.Sprint0.Task1.V0.csproj", "{E867E040-7955-467F-A168-67011EC97A75}"
EndProject
Project("{2150E333-8FDC-42A3-9474-1A3956D46DE8}") = "Task2", "Task2", "{DC89E516-ACAD-4F69-B578-8D58E1C09A06}"
EndProject
Project("{9A19103F-16F7-4668-BE54-9A1E7A4F7556}") = "Tyuiu.KhudoiberdievDB.Sprint0.Task2.V0", "Tyuiu.KhudoiberdievDB.Sprint0.Task2.V0\Tyuiu.KhudoiberdievDB.Sprint0.Task2.V0.csproj", "{A3280AA3-860F-4224-9AB8-9C18CEF2953B}"
EndProject
Project("{9A19103F-16F7-4668-BE54-9A1E7A4F7556}") = "Tyuiu.KhudoiberdievDB.Sprint0.Task2.V0.Lib", "Tyuiu.KhudoiberdievDB.Sprint0.Task2.V0.Lib\Tyuiu.KhudoiberdievDB.Sprint0.Task2.V0.Lib.csproj", "{C908FFA0-EE28-46B1-B7DE-09F8C0F18311}"
EndProject
Project("{9A19103F-16F7-4668-BE54-9A1E7A4F7556}") = "Tyuiu.KhudoiberdievDB.Sprint0.Task2.V0.Test", "Tyuiu.KhudoiberdievDB.Sprint0.Task2.V0.Test\Tyuiu.KhudoiberdievDB.Sprint0.Task2.V0.Test.csproj", "{63309A75-7208-429F-B7E6-A1E6025A142E}"
EndProject
Project("{2150E333-8FDC-42A3-9474-1A3956D46DE8}") = "Task3", "Task3", "{C414758F-A02F-40C9-9775-056716AD6406}"
EndProject
Project("{9A19103F-16F7-4668-BE54-9A1E7A4F7556}") = "Tyuiu.KhudoiberdievDB.Sprint0.Task3.V0", "Tyuiu.KhudoiberdievDB.Sprint0.Task3.V0\Tyuiu.KhudoiberdievDB.Sprint0.Task3.V0.csproj", "{9C824D0B-B2E5-4B82-8098-9EB2BC8CB2EC}"
EndProject
Project("{9A19103F-16F7-4668-BE54-9A1E7A4F7556}") = "Tyuiu.KhudoiberdievDB.Sprint0.Task3.V0.Lib", "Tyuiu.KhudoiberdievDB.Sprint0.Task3.V0.Lib\Tyuiu.KhudoiberdievDB.Sprint0.Task3.V0.Lib.csproj", "{2844703A-6E02-43A7-A4B2-776E82F92445}"
EndProject
Project("{9A19103F-16F7-4668-BE54-9A1E7A4F7556}") = "Tyuiu.KhudoiberdievDB.Sprint0.Task3.V0.Test", "Tyuiu.KhudoiberdievDB.Sprint0.Task3.V0.Test\Tyuiu.KhudoiberdievDB.Sprint0.Task3.V0.Test.csproj", "{6CDE39A0-6D6C-47FE-A50E-6BB014CE2203}"
EndProject
Project("{2150E333-8FDC-42A3-9474-1A3956D46DE8}") = "Task4", "Task4", "{BEC3AE72-7AB9-4290-9DD0-D6D08D5019FF}"
EndProject
Project("{FAE04EC0-301F-11D3-BF4B-00C04F79EFBC}") = "Tyuiu.KhudoiberdievDB.Sprint0.Task4.V0", "Tyuiu.KhudoiberdievDB.Sprint0.Task4.V0\Tyuiu.KhudoiberdievDB.Sprint0.Task4.V0.csproj", "{3F05E76E-B191-4F9E-ACFA-B43A68E331EB}"
EndProject
Project("{FAE04EC0-301F-11D3-BF4B-00C04F79EFBC}") = "Tyuiu.KhudoiberdievDB.Sprint0.Task4.V0.Test", "Tyuiu.KhudoiberdievDB.Sprint0.Task4.V0.Test\Tyuiu.KhudoiberdievDB.Sprint0.Task4.V0.Test.csproj", "{1FC5139A-2E2C-4CB2-8264-5968217408B7}"
EndProject
Project("{FAE04EC0-301F-11D3-BF4B-00C04F79EFBC}") = "Tyuiu.KhudoiberdievDB.Sprint0.Task4.V0.Lib", "Tyuiu.KhudoiberdievDB.Sprint0.Task4.V0.Lib\Tyuiu.KhudoiberdievDB.Sprint0.Task4.V0.Lib.csproj", "{09C38C18-15D9-443A-AE22-94928A6889AC}"
EndProject
Project("{2150E333-8FDC-42A3-9474-1A3956D46DE8}") = "Task5", "Task5", "{B3CD2AD6-A936-485A-BE37-FA23F770E2B2}"
EndProject
Project("{FAE04EC0-301F-11D3-BF4B-00C04F79EFBC}") = "Tyuiu.KhudoiberdievDB.Sprint0.Task5.V0", "Tyuiu.KhudoiberdievDB.Sprint0.Task5.V0\Tyuiu.KhudoiberdievDB.Sprint0.Task5.V0.csproj", "{9C73C8AC-9997-4334-BD39-670A9E07A015}"
EndProject
Project("{FAE04EC0-301F-11D3-BF4B-00C04F79EFBC}") = "Tyuiu.KhudoiberdievDB.Sprint0.Task5.V0.Test", "Tyuiu.KhudoiberdievDB.Sprint0.Task5.V0.Test\Tyuiu.KhudoiberdievDB.Sprint0.Task5.V0.Test.csproj", "{5D989F98-4F21-45BC-B55D-4D087E15F402}"
EndProject
Project("{FAE04EC0-301F-11D3-BF4B-00C04F79EFBC}") = "Tyuiu.KhudoiberdievDB.Sprint0.Task5.V0.Lib", "Tyuiu.KhudoiberdievDB.Sprint0.Task5.V0.Lib\Tyuiu.KhudoiberdievDB.Sprint0.Task5.V0.Lib.csproj", "{09CD8A2B-5C7C-44EF-9EB8-DBE75F7C4102}"
EndProject
Project("{2150E333-8FDC-42A3-9474-1A3956D46DE8}") = "Task6", "Task6", "{F0790A6B-C025-4C08-995A-8337307408FB}"
EndProject
Project("{FAE04EC0-301F-11D3-BF4B-00C04F79EFBC}") = "Tyuiu.KhudoiberdievDB.Sprint0.Task6.V0", "Tyuiu.KhudoiberdievDB.Sprint0.Task6.V0\Tyuiu.KhudoiberdievDB.Sprint0.Task6.V0.csproj", "{1435EB19-904D-45D5-A0B8-F89C67AC1F19}"
EndProject
Project("{FAE04EC0-301F-11D3-BF4B-00C04F79EFBC}") = "Tyuiu.KhudoiberdievDB.Sprint0.Task6.V0.Test", "Tyuiu.KhudoiberdievDB.Sprint0.Task6.V0.Test\Tyuiu.KhudoiberdievDB.Sprint0.Task6.V0.Test.csproj", "{A4F1469C-1CB3-48C1-8688-3F39541903D9}"
EndProject
Project("{FAE04EC0-301F-11D3-BF4B-00C04F79EFBC}") = "Tyuiu.KhudoiberdievDB.Sprint0.Task6.V0.Lib", "Tyuiu.KhudoiberdievDB.Sprint0.Task6.V0.Lib\Tyuiu.KhudoiberdievDB.Sprint0.Task6.V0.Lib.csproj", "{2D8C7D7F-BACF-4DE6-A09E-B09D6CDA86FD}"
EndProject
Project("{2150E333-8FDC-42A3-9474-1A3956D46DE8}") = "Task7", "Task7", "{78AF59CD-C9E5-4903-8130-30D9D4FD0FCE}"
EndProject
Project("{FAE04EC0-301F-11D3-BF4B-00C04F79EFBC}") = "Tyuiu.KhudoiberdievDB.Sprint0.Task7.V0", "Tyuiu.KhudoiberdievDB.Sprint0.Task7.V0\Tyuiu.KhudoiberdievDB.Sprint0.Task7.V0.csproj", "{47476318-3626-44B0-B407-D46811E5D83A}"
EndProject
Project("{FAE04EC0-301F-11D3-BF4B-00C04F79EFBC}") = "Tyuiu.KhudoiberdievDB.Sprint0.Task7.V0.Test", "Tyuiu.KhudoiberdievDB.Sprint0.Task7.V0.Test\Tyuiu.KhudoiberdievDB.Sprint0.Task7.V0.Test.csproj", "{6925FE80-C5A0-47DE-AFB4-1B54252C9C71}"
EndProject
Project("{FAE04EC0-301F-11D3-BF4B-00C04F79EFBC}") = "Tyuiu.KhudoiberdievDB.Sprint0.Task7.V0.Lib", "Tyuiu.KhudoiberdievDB.Sprint0.Task7.V0.Lib\Tyuiu.KhudoiberdievDB.Sprint0.Task7.V0.Lib.csproj", "{23F113AF-036F-4ED5-8C33-66FD0D44C505}"
EndProject
Global
	GlobalSection(SolutionConfigurationPlatforms) = preSolution
		Debug|Any CPU = Debug|Any CPU
		Release|Any CPU = Release|Any CPU
	EndGlobalSection
	GlobalSection(ProjectConfigurationPlatforms) = postSolution
		{E867E040-7955-467F-A168-67011EC97A75}.Debug|Any CPU.ActiveCfg = Debug|Any CPU
		{E867E040-7955-467F-A168-67011EC97A75}.Debug|Any CPU.Build.0 = Debug|Any CPU
		{E867E040-7955-467F-A168-67011EC97A75}.Release|Any CPU.ActiveCfg = Release|Any CPU
		{E867E040-7955-467F-A168-67011EC97A75}.Release|Any CPU.Build.0 = Release|Any CPU
		{A3280AA3-860F-4224-9AB8-9C18CEF2953B}.Debug|Any CPU.ActiveCfg = Debug|Any CPU
		{A3280AA3-860F-4224-9AB8-9C18CEF2953B}.Debug|Any CPU.Build.0 = Debug|Any CPU
		{A3280AA3-860F-4224-9AB8-9C18CEF2953B}.Release|Any CPU.ActiveCfg = Release|Any CPU
		{A3280AA3-860F-4224-9AB8-9C18CEF2953B}.Release|Any CPU.Build.0 = Release|Any CPU
		{C908FFA0-EE28-46B1-B7DE-09F8C0F18311}.Debug|Any CPU.ActiveCfg = Debug|Any CPU
		{C908FFA0-EE28-46B1-B7DE-09F8C0F18311}.Debug|Any CPU.Build.0 = Debug|Any CPU
		{C908FFA0-EE28-46B1-B7DE-09F8C0F18311}.Release|Any CPU.ActiveCfg = Release|Any CPU
		{C908FFA0-EE28-46B1-B7DE-09F8C0F18311}.Release|Any CPU.Build.0 = Release|Any CPU
		{63309A75-7208-429F-B7E6-A1E6025A142E}.Debug|Any CPU.ActiveCfg = Debug|Any CPU
		{63309A75-7208-429F-B7E6-A1E6025A142E}.Debug|Any CPU.Build.0 = Debug|Any CPU
		{63309A75-7208-429F-B7E6-A1E6025A142E}.Release|Any CPU.ActiveCfg = Release|Any CPU
		{63309A75-7208-429F-B7E6-A1E6025A142E}.Release|Any CPU.Build.0 = Release|Any CPU
		{9C824D0B-B2E5-4B82-8098-9EB2BC8CB2EC}.Debug|Any CPU.ActiveCfg = Debug|Any CPU
		{9C824D0B-B2E5-4B82-8098-9EB2BC8CB2EC}.Debug|Any CPU.Build.0 = Debug|Any CPU
		{9C824D0B-B2E5-4B82-8098-9EB2BC8CB2EC}.Release|Any CPU.ActiveCfg = Release|Any CPU
		{9C824D0B-B2E5-4B82-8098-9EB2BC8CB2EC}.Release|Any CPU.Build.0 = Release|Any CPU
		{2844703A-6E02-43A7-A4B2-776E82F92445}.Debug|Any CPU.ActiveCfg = Debug|Any CPU
		{2844703A-6E02-43A7-A4B2-776E82F92445}.Debug|Any CPU.Build.0 = Debug|Any CPU
		{2844703A-6E02-43A7-A4B2-776E82F92445}.Release|Any CPU.ActiveCfg = Release|Any CPU
		{2844703A-6E02-43A7-A4B2-776E82F92445}.Release|Any CPU.Build.0 = Release|Any CPU
		{6CDE39A0-6D6C-47FE-A50E-6BB014CE2203}.Debug|Any CPU.ActiveCfg = Debug|Any CPU
		{6CDE39A0-6D6C-47FE-A50E-6BB014CE2203}.Debug|Any CPU.Build.0 = Debug|Any CPU
		{6CDE39A0-6D6C-47FE-A50E-6BB014CE2203}.Release|Any CPU.ActiveCfg = Release|Any CPU
		{6CDE39A0-6D6C-47FE-A50E-6BB014CE2203}.Release|Any CPU.Build.0 = Release|Any CPU
		{3F05E76E-B191-4F9E-ACFA-B43A68E331EB}.Debug|Any CPU.ActiveCfg = Debug|Any CPU
		{3F05E76E-B191-4F9E-ACFA-B43A68E331EB}.Debug|Any CPU.Build.0 = Debug|Any CPU
		{3F05E76E-B191-4F9E-ACFA-B43A68E331EB}.Release|Any CPU.ActiveCfg = Release|Any CPU
		{3F05E76E-B191-4F9E-ACFA-B43A68E331EB}.Release|Any CPU.Build.0 = Release|Any CPU
		{1FC5139A-2E2C-4CB2-8264-5968217408B7}.Debug|Any CPU.ActiveCfg = Debug|Any CPU
		{1FC5139A-2E2C-4CB2-8264-5968217408B7}.Debug|Any CPU.Build.0 = Debug|Any CPU
		{1FC5139A-2E2C-4CB2-8264-5968217408B7}.Release|Any CPU.ActiveCfg = Release|Any CPU
		{1FC5139A-2E2C-4CB2-8264-5968217408B7}.Release|Any CPU.Build.0 = Release|Any CPU
		{09C38C18-15D9-443A-AE22-94928A6889AC}.Debug|Any CPU.ActiveCfg = Debug|Any CPU
		{09C38C18-15D9-443A-AE22-94928A6889AC}.Debug|Any CPU.Build.0 = Debug|Any CPU
		{09C38C18-15D9-443A-AE22-94928A6889AC}.Release|Any CPU.ActiveCfg = Release|Any CPU
		{09C38C18-15D9-443A-AE22-94928A6889AC}.Release|Any CPU.Build.0 = Release|Any CPU
		{9C73C8AC-9997-4334-BD39-670A9E07A015}.Debug|Any CPU.ActiveCfg = Debug|Any CPU
		{9C73C8AC-9997-4334-BD39-670A9E07A015}.Debug|Any CPU.Build.0 = Debug|Any CPU
		{9C73C8AC-9997-4334-BD39-670A9E07A015}.Release|Any CPU.ActiveCfg = Release|Any CPU
		{9C73C8AC-9997-4334-BD39-670A9E07A015}.Release|Any CPU.Build.0 = Release|Any CPU
		{5D989F98-4F21-45BC-B55D-4D087E15F402}.Debug|Any CPU.ActiveCfg = Debug|Any CPU
		{5D989F98-4F21-45BC-B55D-4D087E15F402}.Debug|Any CPU.Build.0 = Debug|Any CPU
		{5D989F98-4F21-45BC-B55D-4D087E15F402}.Release|Any CPU.ActiveCfg = Release|Any CPU
		{5D989F98-4F21-45BC-B55D-4D087E15F402}.Release|Any CPU.Build.0 = Release|Any CPU
		{09CD8A2B-5C7C-44EF-9EB8-DBE75F7C4102}.Debug|Any CPU.ActiveCfg = Debug|Any CPU
		{09CD8A2B-5C7C-44EF-9EB8-DBE75F7C4102}.Debug|Any CPU.Build.0 = Debug|Any CPU
		{09CD8A2B-5C7C-44EF-9EB8-DBE75F7C4102}.Release|Any CPU.ActiveCfg = Release|Any CPU
		{09CD8A2B-5C7C-44EF-9EB8-DBE75F7C4102}.Release|Any CPU.Build.0 = Release|Any CPU
		{1435EB19-904D-45D5-A0B8-F89C67AC1F19}.Debug|Any CPU.ActiveCfg = Debug|Any CPU
		{1435EB19-904D-45D5-A0B8-F89C67AC1F19}.Debug|Any CPU.Build.0 = Debug|Any CPU
		{1435EB19-904D-45D5-A0B8-F89C67AC1F19}.Release|Any CPU.ActiveCfg = Release|Any CPU
		{1435EB19-904D-45D5-A0B8-F89C67AC1F19}.Release|Any CPU.Build.0 = Release|Any CPU
		{A4F1469C-1CB3-48C1-8688-3F39541903D9}.Debug|Any CPU.ActiveCfg = Debug|Any CPU
		{A4F1469C-1CB3-48C1-8688-3F39541903D9}.Debug|Any CPU.Build.0 = Debug|Any CPU
		{A4F1469C-1CB3-48C1-8688-3F39541903D9}.Release|Any CPU.ActiveCfg = Release|Any CPU
		{A4F1469C-1CB3-48C1-8688-3F39541903D9}.Release|Any CPU.Build.0 = Release|Any CPU
		{2D8C7D7F-BACF-4DE6-A09E-B09D6CDA86FD}.Debug|Any CPU.ActiveCfg = Debug|Any CPU
		{2D8C7D7F-BACF-4DE6-A09E-B09D6CDA86FD}.Debug|Any CPU.Build.0 = Debug|Any CPU
		{2D8C7D7F-BACF-4DE6-A09E-B09D6CDA86FD}.Release|Any CPU.ActiveCfg = Release|Any CPU
		{2D8C7D7F-BACF-4DE6-A09E-B09D6CDA86FD}.Release|Any CPU.Build.0 = Release|Any CPU
		{47476318-3626-44B0-B407-D46811E5D83A}.Debug|Any CPU.ActiveCfg = Debug|Any CPU
		{47476318-3626-44B0-B407-D46811E5D83A}.Debug|Any CPU.Build.0 = Debug|Any CPU
		{47476318-3626-44B0-B407-D46811E5D83A}.Release|Any CPU.ActiveCfg = Release|Any CPU
		{47476318-3626-44B0-B407-D46811E5D83A}.Release|Any CPU.Build.0 = Release|Any CPU
		{6925FE80-C5A0-47DE-AFB4-1B54252C9C71}.Debug|Any CPU.ActiveCfg = Debug|Any CPU
		{6925FE80-C5A0-47DE-AFB4-1B54252C9C71}.Debug|Any CPU.Build.0 = Debug|Any CPU
		{6925FE80-C5A0-47DE-AFB4-1B54252C9C71}.Release|Any CPU.ActiveCfg = Release|Any CPU
		{6925FE80-C5A0-47DE-AFB4-1B54252C9C71}.Release|Any CPU.Build.0 = Release|Any CPU
		{23F113AF-036F-4ED5-8C33-66FD0D44C505}.Debug|Any CPU.ActiveCfg = Debug|Any CPU
		{23F113AF-036F-4ED5-8C33-66FD0D44C505}.Debug|Any CPU.Build.0 = Debug|Any CPU
		{23F113AF-036F-4ED5-8C33-66FD0D44C505}.Release|Any CPU.ActiveCfg = Release|Any CPU
		{23F113AF-036F-4ED5-8C33-66FD0D44C505}.Release|Any CPU.Build.0 = Release|Any CPU
	EndGlobalSection
	GlobalSection(SolutionProperties) = preSolution
		HideSolutionNode = FALSE
	EndGlobalSection
	GlobalSection(NestedProjects) = preSolution
		{E867E040-7955-467F-A168-67011EC97A75} = {8344C244-7B7E-420A-B76E-11FDC63CB204}
		{A3280AA3-860F-4224-9AB8-9C18CEF2953B} = {DC89E516-ACAD-4F69-B578-8D58E1C09A06}
		{C908FFA0-EE28-46B1-B7DE-09F8C0F18311} = {DC89E516-ACAD-4F69-B578-8D58E1C09A06}
		{63309A75-7208-429F-B7E6-A1E6025A142E} = {DC89E516-ACAD-4F69-B578-8D58E1C09A06}
		{9C824D0B-B2E5-4B82-8098-9EB2BC8CB2EC} = {C414758F-A02F-40C9-9775-056716AD6406}
		{2844703A-6E02-43A7-A4B2-776E82F92445} = {C414758F-A02F-40C9-9775-056716AD6406}
		{6CDE39A0-6D6C-47FE-A50E-6BB014CE2203} = {C414758F-A02F-40C9-9775-056716AD6406}
		{3F05E76E-B191-4F9E-ACFA-B43A68E331EB} = {BEC3AE72-7AB9-4290-9DD0-D6D08D5019FF}
		{1FC5139A-2E2C-4CB2-8264-5968217408B7} = {BEC3AE72-7AB9-4290-9DD0-D6D08D5019FF}
		{09C38C18-15D9-443A-AE22-94928A6889AC} = {BEC3AE72-7AB9-4290-9DD0-D6D08D5019FF}
		{9C73C8AC-9997-4334-BD39-670A9E07A015} = {B3CD2AD6-A936-485A-BE37-FA23F770E2B2}
		{5D989F98-4F21-45BC-B55D-4D087E15F402} = {B3CD2AD6-A936-485A-BE37-FA23F770E2B2}
		{09CD8A2B-5C7C-44EF-9EB8-DBE75F7C4102} = {B3CD2AD6-A936-485A-BE37-FA23F770E2B2}
		{1435EB19-904D-45D5-A0B8-F89C67AC1F19} = {F0790A6B-C025-4C08-995A-8337307408FB}
		{A4F1469C-1CB3-48C1-8688-3F39541903D9} = {F0790A6B-C025-4C08-995A-8337307408FB}
		{2D8C7D7F-BACF-4DE6-A09E-B09D6CDA86FD} = {F0790A6B-C025-4C08-995A-8337307408FB}
		{47476318-3626-44B0-B407-D46811E5D83A} = {78AF59CD-C9E5-4903-8130-30D9D4FD0FCE}
		{6925FE80-C5A0-47DE-AFB4-1B54252C9C71} = {78AF59CD-C9E5-4903-8130-30D9D4FD0FCE}
		{23F113AF-036F-4ED5-8C33-66FD0D44C505} = {78AF59CD-C9E5-4903-8130-30D9D4FD0FCE}
	EndGlobalSection
	GlobalSection(ExtensibilityGlobals) = postSolution
		SolutionGuid = {86ACF8F1-2DDB-419E-B18A-1D7E4E660B32}
	EndGlobalSection
EndGlobal
