
Microsoft Visual Studio Solution File, Format Version 12.00
# Visual Studio Version 17
VisualStudioVersion = 17.11.35312.102
MinimumVisualStudioVersion = 10.0.40219.1
Project("{2150E333-8FDC-42A3-9474-1A3956D46DE8}") = "Task1", "Task1", "{8344C244-7B7E-420A-B76E-11FDC63CB204}"
EndProject
Project("{9A19103F-16F7-4668-BE54-9A1E7A4F7556}") = "Tyuiu.KhudoiberdievDB.Sprint0.Task1.V0", "Tyuiu.KhudoiberdievDB.Sprint0.Task1.V0\Tyuiu.KhudoiberdievDB.Sprint0.Task1.V0.csproj", "{E867E040-7955-467F-A168-67011EC97A75}"
EndProject
Project("{2150E333-8FDC-42A3-9474-1A3956D46DE8}") = "Task2", "Task2", "{DC89E516-ACAD-4F69-B578-8D58E1C09A06}"
EndProject
Project("{9A19103F-16F7-4668-BE54-9A1E7A4F7556}") = "Tyuiu.KhudoiberdievDB.Sprint0.Task2.V0", "Tyuiu.KhudoiberdievDB.Sprint0.Task2.V0\Tyuiu.KhudoiberdievDB.Sprint0.Task2.V0.csproj", "{A3280AA3-860F-4224-9AB8-9C18CEF2953B}"
EndProject
Project("{9A19103F-16F7-4668-BE54-9A1E7A4F7556}") = "Tyuiu.KhudoiberdievDB.Sprint0.Task2.V0.Lib", "Tyuiu.KhudoiberdievDB.Sprint0.Task2.V0.Lib\Tyuiu.KhudoiberdievDB.Sprint0.Task2.V0.Lib.csproj", "{C908FFA0-EE28-46B1-B7DE-09F8C0F18311}"
EndProject
Project("{9A19103F-16F7-4668-BE54-9A1E7A4F7556}") = "Tyuiu.KhudoiberdievDB.Sprint0.Task2.V0.Test", "Tyuiu.KhudoiberdievDB.Sprint0.Task2.V0.Test\Tyuiu.KhudoiberdievDB.Sprint0.Task2.V0.Test.csproj", "{63309A75-7208-429F-B7E6-A1E6025A142E}"
EndProject
Project("{2150E333-8FDC-42A3-9474-1A3956D46DE8}") = "Task3", "Task3", "{C414758F-A02F-40C9-9775-056716AD6406}"
EndProject
Project("{FAE04EC0-301F-11D3-BF4B-00C04F79EFBC}") = "Tyuiu.KhudoiberdievDB.Sprint0.Task3.V0", "Tyuiu.KhudoiberdievDB.Sprint0.Task3.V0\Tyuiu.KhudoiberdievDB.Sprint0.Task3.V0.csproj", "{9C824D0B-B2E5-4B82-8098-9EB2BC8CB2EC}"
EndProject
Project("{FAE04EC0-301F-11D3-BF4B-00C04F79EFBC}") = "Tyuiu.KhudoiberdievDB.Sprint0.Task3.V0.Lib", "Tyuiu.KhudoiberdievDB.Sprint0.Task3.V0.Lib\Tyuiu.KhudoiberdievDB.Sprint0.Task3.V0.Lib.csproj", "{2844703A-6E02-43A7-A4B2-776E82F92445}"
EndProject
Project("{FAE04EC0-301F-11D3-BF4B-00C04F79EFBC}") = "Tyuiu.KhudoiberdievDB.Sprint0.Task3.V0.Test", "Tyuiu.KhudoiberdievDB.Sprint0.Task3.V0.Test\Tyuiu.KhudoiberdievDB.Sprint0.Task3.V0.Test.csproj", "{6CDE39A0-6D6C-47FE-A50E-6BB014CE2203}"
EndProject
Global
	GlobalSection(SolutionConfigurationPlatforms) = preSolution
		Debug|Any CPU = Debug|Any CPU
		Release|Any CPU = Release|Any CPU
	EndGlobalSection
	GlobalSection(ProjectConfigurationPlatforms) = postSolution
		{E867E040-7955-467F-A168-67011EC97A75}.Debug|Any CPU.ActiveCfg = Debug|Any CPU
		{E867E040-7955-467F-A168-67011EC97A75}.Debug|Any CPU.Build.0 = Debug|Any CPU
		{E867E040-7955-467F-A168-67011EC97A75}.Release|Any CPU.ActiveCfg = Release|Any CPU
		{E867E040-7955-467F-A168-67011EC97A75}.Release|Any CPU.Build.0 = Release|Any CPU
		{A3280AA3-860F-4224-9AB8-9C18CEF2953B}.Debug|Any CPU.ActiveCfg = Debug|Any CPU
		{A3280AA3-860F-4224-9AB8-9C18CEF2953B}.Debug|Any CPU.Build.0 = Debug|Any CPU
		{A3280AA3-860F-4224-9AB8-9C18CEF2953B}.Release|Any CPU.ActiveCfg = Release|Any CPU
		{A3280AA3-860F-4224-9AB8-9C18CEF2953B}.Release|Any CPU.Build.0 = Release|Any CPU
		{C908FFA0-EE28-46B1-B7DE-09F8C0F18311}.Debug|Any CPU.ActiveCfg = Debug|Any CPU
		{C908FFA0-EE28-46B1-B7DE-09F8C0F18311}.Debug|Any CPU.Build.0 = Debug|Any CPU
		{C908FFA0-EE28-46B1-B7DE-09F8C0F18311}.Release|Any CPU.ActiveCfg = Release|Any CPU
		{C908FFA0-EE28-46B1-B7DE-09F8C0F18311}.Release|Any CPU.Build.0 = Release|Any CPU
		{63309A75-7208-429F-B7E6-A1E6025A142E}.Debug|Any CPU.ActiveCfg = Debug|Any CPU
		{63309A75-7208-429F-B7E6-A1E6025A142E}.Debug|Any CPU.Build.0 = Debug|Any CPU
		{63309A75-7208-429F-B7E6-A1E6025A142E}.Release|Any CPU.ActiveCfg = Release|Any CPU
		{63309A75-7208-429F-B7E6-A1E6025A142E}.Release|Any CPU.Build.0 = Release|Any CPU
		{9C824D0B-B2E5-4B82-8098-9EB2BC8CB2EC}.Debug|Any CPU.ActiveCfg = Debug|Any CPU
		{9C824D0B-B2E5-4B82-8098-9EB2BC8CB2EC}.Debug|Any CPU.Build.0 = Debug|Any CPU
		{9C824D0B-B2E5-4B82-8098-9EB2BC8CB2EC}.Release|Any CPU.ActiveCfg = Release|Any CPU
		{9C824D0B-B2E5-4B82-8098-9EB2BC8CB2EC}.Release|Any CPU.Build.0 = Release|Any CPU
		{2844703A-6E02-43A7-A4B2-776E82F92445}.Debug|Any CPU.ActiveCfg = Debug|Any CPU
		{2844703A-6E02-43A7-A4B2-776E82F92445}.Debug|Any CPU.Build.0 = Debug|Any CPU
		{2844703A-6E02-43A7-A4B2-776E82F92445}.Release|Any CPU.ActiveCfg = Release|Any CPU
		{2844703A-6E02-43A7-A4B2-776E82F92445}.Release|Any CPU.Build.0 = Release|Any CPU
		{6CDE39A0-6D6C-47FE-A50E-6BB014CE2203}.Debug|Any CPU.ActiveCfg = Debug|Any CPU
		{6CDE39A0-6D6C-47FE-A50E-6BB014CE2203}.Debug|Any CPU.Build.0 = Debug|Any CPU
		{6CDE39A0-6D6C-47FE-A50E-6BB014CE2203}.Release|Any CPU.ActiveCfg = Release|Any CPU
		{6CDE39A0-6D6C-47FE-A50E-6BB014CE2203}.Release|Any CPU.Build.0 = Release|Any CPU
	EndGlobalSection
	GlobalSection(SolutionProperties) = preSolution
		HideSolutionNode = FALSE
	EndGlobalSection
	GlobalSection(NestedProjects) = preSolution
		{E867E040-7955-467F-A168-67011EC97A75} = {8344C244-7B7E-420A-B76E-11FDC63CB204}
		{A3280AA3-860F-4224-9AB8-9C18CEF2953B} = {DC89E516-ACAD-4F69-B578-8D58E1C09A06}
		{C908FFA0-EE28-46B1-B7DE-09F8C0F18311} = {DC89E516-ACAD-4F69-B578-8D58E1C09A06}
		{63309A75-7208-429F-B7E6-A1E6025A142E} = {DC89E516-ACAD-4F69-B578-8D58E1C09A06}
		{9C824D0B-B2E5-4B82-8098-9EB2BC8CB2EC} = {C414758F-A02F-40C9-9775-056716AD6406}
		{2844703A-6E02-43A7-A4B2-776E82F92445} = {C414758F-A02F-40C9-9775-056716AD6406}
		{6CDE39A0-6D6C-47FE-A50E-6BB014CE2203} = {C414758F-A02F-40C9-9775-056716AD6406}
	EndGlobalSection
	GlobalSection(ExtensibilityGlobals) = postSolution
		SolutionGuid = {86ACF8F1-2DDB-419E-B18A-1D7E4E660B32}
	EndGlobalSection
EndGlobal
